
Microsoft Visual Studio Solution File, Format Version 12.00
# Visual Studio Version 17
VisualStudioVersion = 17.14.36705.20
MinimumVisualStudioVersion = 10.0.40219.1
Project("{FAE04EC0-301F-11D3-BF4B-00C04F79EFBC}") = "HopHelp", "HopHelp\HopHelp.csproj", "{4297E635-8DD8-49FE-97B7-19C661EF8C3E}"
EndProject
Global
	GlobalSection(SolutionConfigurationPlatforms) = preSolution
		Debug|Any CPU = Debug|Any CPU
		Release|Any CPU = Release|Any CPU
	EndGlobalSection
	GlobalSection(ProjectConfigurationPlatforms) = postSolution
		{4297E635-8DD8-49FE-97B7-19C661EF8C3E}.Debug|Any CPU.ActiveCfg = Debug|Any CPU
		{4297E635-8DD8-49FE-97B7-19C661EF8C3E}.Debug|Any CPU.Build.0 = Debug|Any CPU
		{4297E635-8DD8-49FE-97B7-19C661EF8C3E}.Release|Any CPU.ActiveCfg = Release|Any CPU
		{4297E635-8DD8-49FE-97B7-19C661EF8C3E}.Release|Any CPU.Build.0 = Release|Any CPU
	EndGlobalSection
	GlobalSection(SolutionProperties) = preSolution
		HideSolutionNode = FALSE
	EndGlobalSection
	GlobalSection(ExtensibilityGlobals) = postSolution
		SolutionGuid = {AA76E0B4-EE1E-4DB9-9545-C95578F3C6C2}
	EndGlobalSection
EndGlobal
